
Microsoft Visual Studio Solution File, Format Version 12.00
# Visual Studio Version 17
VisualStudioVersion = 17.8.34330.188
MinimumVisualStudioVersion = 10.0.40219.1
Project("{9A19103F-16F7-4668-BE54-9A1E7A4F7556}") = "CsLisp", "CsLisp.csproj", "{7DCF5AFF-3FC3-4198-98D7-337A85C061DB}"
	ProjectSection(ProjectDependencies) = postProject
		{DAA45A4D-73E6-4959-AC77-6376C1C6C9FE} = {DAA45A4D-73E6-4959-AC77-6376C1C6C9FE}
	EndProjectSection
EndProject
Project("{9A19103F-16F7-4668-BE54-9A1E7A4F7556}") = "CsLispInterpreter", "CsLispInterpreter\CsLispInterpreter.csproj", "{DAA45A4D-73E6-4959-AC77-6376C1C6C9FE}"
EndProject
Project("{9A19103F-16F7-4668-BE54-9A1E7A4F7556}") = "CsLispDebugger", "CsLispDebugger\CsLispDebugger.csproj", "{4C4B36B9-5E3C-4B78-8EF9-B35D5DEDDA31}"
	ProjectSection(ProjectDependencies) = postProject
		{DAA45A4D-73E6-4959-AC77-6376C1C6C9FE} = {DAA45A4D-73E6-4959-AC77-6376C1C6C9FE}
	EndProjectSection
EndProject
Project("{9A19103F-16F7-4668-BE54-9A1E7A4F7556}") = "CsLispCompiler", "CsLispCompiler\CsLispCompiler.csproj", "{BD8C9028-5969-47C6-9891-FC864C0F637C}"
	ProjectSection(ProjectDependencies) = postProject
		{DAA45A4D-73E6-4959-AC77-6376C1C6C9FE} = {DAA45A4D-73E6-4959-AC77-6376C1C6C9FE}
	EndProjectSection
EndProject
Project("{9A19103F-16F7-4668-BE54-9A1E7A4F7556}") = "CsLispUnitTests", "CsLispUnitTests\CsLispUnitTests.csproj", "{BDF34E61-1EBA-4433-B043-EE544EE0F953}"
EndProject
Project("{9A19103F-16F7-4668-BE54-9A1E7A4F7556}") = "TestAppUsingFuel", "TestAppUsingFuel\TestAppUsingFuel.csproj", "{6FF8DFAB-A1C5-4CFD-BDF3-7ABB9E546A4B}"
EndProject
Global
	GlobalSection(SolutionConfigurationPlatforms) = preSolution
		Debug|Any CPU = Debug|Any CPU
		Release|Any CPU = Release|Any CPU
	EndGlobalSection
	GlobalSection(ProjectConfigurationPlatforms) = postSolution
		{7DCF5AFF-3FC3-4198-98D7-337A85C061DB}.Debug|Any CPU.ActiveCfg = Debug|Any CPU
		{7DCF5AFF-3FC3-4198-98D7-337A85C061DB}.Debug|Any CPU.Build.0 = Debug|Any CPU
		{7DCF5AFF-3FC3-4198-98D7-337A85C061DB}.Release|Any CPU.ActiveCfg = Release|Any CPU
		{7DCF5AFF-3FC3-4198-98D7-337A85C061DB}.Release|Any CPU.Build.0 = Release|Any CPU
		{DAA45A4D-73E6-4959-AC77-6376C1C6C9FE}.Debug|Any CPU.ActiveCfg = Debug|Any CPU
		{DAA45A4D-73E6-4959-AC77-6376C1C6C9FE}.Debug|Any CPU.Build.0 = Debug|Any CPU
		{DAA45A4D-73E6-4959-AC77-6376C1C6C9FE}.Release|Any CPU.ActiveCfg = Release|Any CPU
		{DAA45A4D-73E6-4959-AC77-6376C1C6C9FE}.Release|Any CPU.Build.0 = Release|Any CPU
		{4C4B36B9-5E3C-4B78-8EF9-B35D5DEDDA31}.Debug|Any CPU.ActiveCfg = Debug|Any CPU
		{4C4B36B9-5E3C-4B78-8EF9-B35D5DEDDA31}.Debug|Any CPU.Build.0 = Debug|Any CPU
		{4C4B36B9-5E3C-4B78-8EF9-B35D5DEDDA31}.Release|Any CPU.ActiveCfg = Release|Any CPU
		{4C4B36B9-5E3C-4B78-8EF9-B35D5DEDDA31}.Release|Any CPU.Build.0 = Release|Any CPU
		{BD8C9028-5969-47C6-9891-FC864C0F637C}.Debug|Any CPU.ActiveCfg = Debug|Any CPU
		{BD8C9028-5969-47C6-9891-FC864C0F637C}.Debug|Any CPU.Build.0 = Debug|Any CPU
		{BD8C9028-5969-47C6-9891-FC864C0F637C}.Release|Any CPU.ActiveCfg = Release|Any CPU
		{BD8C9028-5969-47C6-9891-FC864C0F637C}.Release|Any CPU.Build.0 = Release|Any CPU
		{BDF34E61-1EBA-4433-B043-EE544EE0F953}.Debug|Any CPU.ActiveCfg = Debug|Any CPU
		{BDF34E61-1EBA-4433-B043-EE544EE0F953}.Debug|Any CPU.Build.0 = Debug|Any CPU
		{BDF34E61-1EBA-4433-B043-EE544EE0F953}.Release|Any CPU.ActiveCfg = Release|Any CPU
		{BDF34E61-1EBA-4433-B043-EE544EE0F953}.Release|Any CPU.Build.0 = Release|Any CPU
		{6FF8DFAB-A1C5-4CFD-BDF3-7ABB9E546A4B}.Debug|Any CPU.ActiveCfg = Debug|Any CPU
		{6FF8DFAB-A1C5-4CFD-BDF3-7ABB9E546A4B}.Debug|Any CPU.Build.0 = Debug|Any CPU
		{6FF8DFAB-A1C5-4CFD-BDF3-7ABB9E546A4B}.Release|Any CPU.ActiveCfg = Release|Any CPU
		{6FF8DFAB-A1C5-4CFD-BDF3-7ABB9E546A4B}.Release|Any CPU.Build.0 = Release|Any CPU
	EndGlobalSection
	GlobalSection(SolutionProperties) = preSolution
		HideSolutionNode = FALSE
	EndGlobalSection
	GlobalSection(ExtensibilityGlobals) = postSolution
		SolutionGuid = {94CAFD51-3C48-4737-B439-E4D2C1B21927}
	EndGlobalSection
EndGlobal
